// !$*UTF8*$!
{
	archiveVersion = 1;
	classes = {
	};
	objectVersion = 48;
	objects = {

/* Begin PBXBuildFile section */
		962257A0E8C1A48F563A247E /* Pods_GithubRepo.framework in Frameworks */ = {isa = PBXBuildFile; fileRef = CDB565E5361F498DD5ADE970 /* Pods_GithubRepo.framework */; };
		C93907EF2093B5A5004D5B04 /* GitHubRepoDetailsViewController.swift in Sources */ = {isa = PBXBuildFile; fileRef = C93907EE2093B5A5004D5B04 /* GitHubRepoDetailsViewController.swift */; };
		C93907F22093B65A004D5B04 /* GitHubRepoDetailsViewCell.swift in Sources */ = {isa = PBXBuildFile; fileRef = C93907F12093B65A004D5B04 /* GitHubRepoDetailsViewCell.swift */; };
		C93907F42093B763004D5B04 /* RepoIssueViewCell.swift in Sources */ = {isa = PBXBuildFile; fileRef = C93907F32093B763004D5B04 /* RepoIssueViewCell.swift */; };
		C93907F62093B7C5004D5B04 /* RepoContributorViewCell.swift in Sources */ = {isa = PBXBuildFile; fileRef = C93907F52093B7C5004D5B04 /* RepoContributorViewCell.swift */; };
		C93907F82093BE2F004D5B04 /* RepoDetailsViewModel.swift in Sources */ = {isa = PBXBuildFile; fileRef = C93907F72093BE2F004D5B04 /* RepoDetailsViewModel.swift */; };
		C93907FA2093D5C1004D5B04 /* RepoIssueModel.swift in Sources */ = {isa = PBXBuildFile; fileRef = C93907F92093D5C1004D5B04 /* RepoIssueModel.swift */; };
		C93907FC2093DF58004D5B04 /* RepoContributorViewModel.swift in Sources */ = {isa = PBXBuildFile; fileRef = C93907FB2093DF58004D5B04 /* RepoContributorViewModel.swift */; };
		C93907FE2093E1F4004D5B04 /* RepoIssueViewModel.swift in Sources */ = {isa = PBXBuildFile; fileRef = C93907FD2093E1F4004D5B04 /* RepoIssueViewModel.swift */; };
		C977BFCE20925A5B00685AF1 /* UserModel.swift in Sources */ = {isa = PBXBuildFile; fileRef = C977BFCD20925A5B00685AF1 /* UserModel.swift */; };
		C977BFD020925C2B00685AF1 /* LicenseModel.swift in Sources */ = {isa = PBXBuildFile; fileRef = C977BFCF20925C2B00685AF1 /* LicenseModel.swift */; };
		C977BFD2209269EF00685AF1 /* RepositoryDataModel.swift in Sources */ = {isa = PBXBuildFile; fileRef = C977BFD1209269EF00685AF1 /* RepositoryDataModel.swift */; };
		C977BFD520926F9E00685AF1 /* ViewController.swift in Sources */ = {isa = PBXBuildFile; fileRef = C977BFD420926F9E00685AF1 /* ViewController.swift */; };
		C977BFD72092702000685AF1 /* GitHubRepoListViewController.swift in Sources */ = {isa = PBXBuildFile; fileRef = C977BFD62092702000685AF1 /* GitHubRepoListViewController.swift */; };
		C977BFDA209271E100685AF1 /* GitHubRepoCollectionViewCell.swift in Sources */ = {isa = PBXBuildFile; fileRef = C977BFD9209271E100685AF1 /* GitHubRepoCollectionViewCell.swift */; };
		C977BFDD209280E800685AF1 /* RepoListViewModel.swift in Sources */ = {isa = PBXBuildFile; fileRef = C977BFDC209280E800685AF1 /* RepoListViewModel.swift */; };
		C977BFDF2092827A00685AF1 /* RepoListCellViewModel.swift in Sources */ = {isa = PBXBuildFile; fileRef = C977BFDE2092827A00685AF1 /* RepoListCellViewModel.swift */; };
		C9AE3C0C2091117A00498955 /* AppDelegate.swift in Sources */ = {isa = PBXBuildFile; fileRef = C9AE3C0B2091117A00498955 /* AppDelegate.swift */; };
		C9AE3C112091117A00498955 /* Main.storyboard in Resources */ = {isa = PBXBuildFile; fileRef = C9AE3C0F2091117A00498955 /* Main.storyboard */; };
		C9AE3C132091117A00498955 /* Assets.xcassets in Resources */ = {isa = PBXBuildFile; fileRef = C9AE3C122091117A00498955 /* Assets.xcassets */; };
		C9AE3C162091117A00498955 /* LaunchScreen.storyboard in Resources */ = {isa = PBXBuildFile; fileRef = C9AE3C142091117A00498955 /* LaunchScreen.storyboard */; };
		C9AE3C202091247100498955 /* APIManager.swift in Sources */ = {isa = PBXBuildFile; fileRef = C9AE3C1F2091247100498955 /* APIManager.swift */; };
		C9AE3C22209124DA00498955 /* Constants.swift in Sources */ = {isa = PBXBuildFile; fileRef = C9AE3C21209124DA00498955 /* Constants.swift */; };
		C9AE3C262091253100498955 /* Environment.swift in Sources */ = {isa = PBXBuildFile; fileRef = C9AE3C242091253100498955 /* Environment.swift */; };
		C9AE3C272091253100498955 /* ConfigurationManager.swift in Sources */ = {isa = PBXBuildFile; fileRef = C9AE3C252091253100498955 /* ConfigurationManager.swift */; };
		C9AE3C2A2091277D00498955 /* RepositoryModel.swift in Sources */ = {isa = PBXBuildFile; fileRef = C9AE3C292091277D00498955 /* RepositoryModel.swift */; };
/* End PBXBuildFile section */

/* Begin PBXFileReference section */
		1095D6D9C8A2E325F5F68908 /* Pods-GithubRepo.release.xcconfig */ = {isa = PBXFileReference; includeInIndex = 1; lastKnownFileType = text.xcconfig; name = "Pods-GithubRepo.release.xcconfig"; path = "Pods/Target Support Files/Pods-GithubRepo/Pods-GithubRepo.release.xcconfig"; sourceTree = "<group>"; };
		C93907EE2093B5A5004D5B04 /* GitHubRepoDetailsViewController.swift */ = {isa = PBXFileReference; lastKnownFileType = sourcecode.swift; path = GitHubRepoDetailsViewController.swift; sourceTree = "<group>"; };
		C93907F12093B65A004D5B04 /* GitHubRepoDetailsViewCell.swift */ = {isa = PBXFileReference; lastKnownFileType = sourcecode.swift; path = GitHubRepoDetailsViewCell.swift; sourceTree = "<group>"; };
		C93907F32093B763004D5B04 /* RepoIssueViewCell.swift */ = {isa = PBXFileReference; lastKnownFileType = sourcecode.swift; path = RepoIssueViewCell.swift; sourceTree = "<group>"; };
		C93907F52093B7C5004D5B04 /* RepoContributorViewCell.swift */ = {isa = PBXFileReference; lastKnownFileType = sourcecode.swift; path = RepoContributorViewCell.swift; sourceTree = "<group>"; };
		C93907F72093BE2F004D5B04 /* RepoDetailsViewModel.swift */ = {isa = PBXFileReference; lastKnownFileType = sourcecode.swift; path = RepoDetailsViewModel.swift; sourceTree = "<group>"; };
		C93907F92093D5C1004D5B04 /* RepoIssueModel.swift */ = {isa = PBXFileReference; lastKnownFileType = sourcecode.swift; path = RepoIssueModel.swift; sourceTree = "<group>"; };
		C93907FB2093DF58004D5B04 /* RepoContributorViewModel.swift */ = {isa = PBXFileReference; lastKnownFileType = sourcecode.swift; path = RepoContributorViewModel.swift; sourceTree = "<group>"; };
		C93907FD2093E1F4004D5B04 /* RepoIssueViewModel.swift */ = {isa = PBXFileReference; lastKnownFileType = sourcecode.swift; path = RepoIssueViewModel.swift; sourceTree = "<group>"; };
		C977BFCD20925A5B00685AF1 /* UserModel.swift */ = {isa = PBXFileReference; lastKnownFileType = sourcecode.swift; path = UserModel.swift; sourceTree = "<group>"; };
		C977BFCF20925C2B00685AF1 /* LicenseModel.swift */ = {isa = PBXFileReference; lastKnownFileType = sourcecode.swift; path = LicenseModel.swift; sourceTree = "<group>"; };
		C977BFD1209269EF00685AF1 /* RepositoryDataModel.swift */ = {isa = PBXFileReference; lastKnownFileType = sourcecode.swift; path = RepositoryDataModel.swift; sourceTree = "<group>"; };
		C977BFD420926F9E00685AF1 /* ViewController.swift */ = {isa = PBXFileReference; fileEncoding = 4; lastKnownFileType = sourcecode.swift; path = ViewController.swift; sourceTree = "<group>"; };
		C977BFD62092702000685AF1 /* GitHubRepoListViewController.swift */ = {isa = PBXFileReference; lastKnownFileType = sourcecode.swift; path = GitHubRepoListViewController.swift; sourceTree = "<group>"; };
		C977BFD9209271E100685AF1 /* GitHubRepoCollectionViewCell.swift */ = {isa = PBXFileReference; lastKnownFileType = sourcecode.swift; path = GitHubRepoCollectionViewCell.swift; sourceTree = "<group>"; };
		C977BFDC209280E800685AF1 /* RepoListViewModel.swift */ = {isa = PBXFileReference; lastKnownFileType = sourcecode.swift; path = RepoListViewModel.swift; sourceTree = "<group>"; };
		C977BFDE2092827A00685AF1 /* RepoListCellViewModel.swift */ = {isa = PBXFileReference; lastKnownFileType = sourcecode.swift; path = RepoListCellViewModel.swift; sourceTree = "<group>"; };
		C9AE3C082091117A00498955 /* GithubRepo.app */ = {isa = PBXFileReference; explicitFileType = wrapper.application; includeInIndex = 0; path = GithubRepo.app; sourceTree = BUILT_PRODUCTS_DIR; };
		C9AE3C0B2091117A00498955 /* AppDelegate.swift */ = {isa = PBXFileReference; lastKnownFileType = sourcecode.swift; path = AppDelegate.swift; sourceTree = "<group>"; };
		C9AE3C102091117A00498955 /* Base */ = {isa = PBXFileReference; lastKnownFileType = file.storyboard; name = Base; path = Base.lproj/Main.storyboard; sourceTree = "<group>"; };
		C9AE3C122091117A00498955 /* Assets.xcassets */ = {isa = PBXFileReference; lastKnownFileType = folder.assetcatalog; path = Assets.xcassets; sourceTree = "<group>"; };
		C9AE3C152091117A00498955 /* Base */ = {isa = PBXFileReference; lastKnownFileType = file.storyboard; name = Base; path = Base.lproj/LaunchScreen.storyboard; sourceTree = "<group>"; };
		C9AE3C172091117A00498955 /* Info.plist */ = {isa = PBXFileReference; lastKnownFileType = text.plist.xml; path = Info.plist; sourceTree = "<group>"; };
		C9AE3C1F2091247100498955 /* APIManager.swift */ = {isa = PBXFileReference; lastKnownFileType = sourcecode.swift; path = APIManager.swift; sourceTree = "<group>"; };
		C9AE3C21209124DA00498955 /* Constants.swift */ = {isa = PBXFileReference; lastKnownFileType = sourcecode.swift; path = Constants.swift; sourceTree = "<group>"; };
		C9AE3C242091253100498955 /* Environment.swift */ = {isa = PBXFileReference; fileEncoding = 4; lastKnownFileType = sourcecode.swift; path = Environment.swift; sourceTree = "<group>"; };
		C9AE3C252091253100498955 /* ConfigurationManager.swift */ = {isa = PBXFileReference; fileEncoding = 4; lastKnownFileType = sourcecode.swift; path = ConfigurationManager.swift; sourceTree = "<group>"; };
		C9AE3C292091277D00498955 /* RepositoryModel.swift */ = {isa = PBXFileReference; lastKnownFileType = sourcecode.swift; path = RepositoryModel.swift; sourceTree = "<group>"; };
		CDB565E5361F498DD5ADE970 /* Pods_GithubRepo.framework */ = {isa = PBXFileReference; explicitFileType = wrapper.framework; includeInIndex = 0; path = Pods_GithubRepo.framework; sourceTree = BUILT_PRODUCTS_DIR; };
		FBF12667FC8C3A40801783CC /* Pods-GithubRepo.debug.xcconfig */ = {isa = PBXFileReference; includeInIndex = 1; lastKnownFileType = text.xcconfig; name = "Pods-GithubRepo.debug.xcconfig"; path = "Pods/Target Support Files/Pods-GithubRepo/Pods-GithubRepo.debug.xcconfig"; sourceTree = "<group>"; };
/* End PBXFileReference section */

/* Begin PBXFrameworksBuildPhase section */
		C9AE3C052091117A00498955 /* Frameworks */ = {
			isa = PBXFrameworksBuildPhase;
			buildActionMask = 2147483647;
			files = (
				962257A0E8C1A48F563A247E /* Pods_GithubRepo.framework in Frameworks */,
			);
			runOnlyForDeploymentPostprocessing = 0;
		};
/* End PBXFrameworksBuildPhase section */

/* Begin PBXGroup section */
		B7FBBDD6259916B4EBC5E171 /* Pods */ = {
			isa = PBXGroup;
			children = (
				FBF12667FC8C3A40801783CC /* Pods-GithubRepo.debug.xcconfig */,
				1095D6D9C8A2E325F5F68908 /* Pods-GithubRepo.release.xcconfig */,
			);
			name = Pods;
			sourceTree = "<group>";
		};
		BE96E60E24E7FA28D7CC2909 /* Frameworks */ = {
			isa = PBXGroup;
			children = (
				CDB565E5361F498DD5ADE970 /* Pods_GithubRepo.framework */,
			);
			name = Frameworks;
			sourceTree = "<group>";
		};
		C93907F02093B602004D5B04 /* DetailsViewComponents */ = {
			isa = PBXGroup;
			children = (
				C93907F12093B65A004D5B04 /* GitHubRepoDetailsViewCell.swift */,
				C93907F32093B763004D5B04 /* RepoIssueViewCell.swift */,
				C93907F52093B7C5004D5B04 /* RepoContributorViewCell.swift */,
			);
			path = DetailsViewComponents;
			sourceTree = "<group>";
		};
		C977BFD320926F6100685AF1 /* ViewControllers */ = {
			isa = PBXGroup;
			children = (
				C93907F02093B602004D5B04 /* DetailsViewComponents */,
				C977BFD82092713400685AF1 /* ListViewComponents */,
				C977BFD420926F9E00685AF1 /* ViewController.swift */,
				C977BFD62092702000685AF1 /* GitHubRepoListViewController.swift */,
				C93907EE2093B5A5004D5B04 /* GitHubRepoDetailsViewController.swift */,
			);
			path = ViewControllers;
			sourceTree = "<group>";
		};
		C977BFD82092713400685AF1 /* ListViewComponents */ = {
			isa = PBXGroup;
			children = (
				C977BFD9209271E100685AF1 /* GitHubRepoCollectionViewCell.swift */,
			);
			path = ListViewComponents;
			sourceTree = "<group>";
		};
		C977BFDB209280A000685AF1 /* ViewModels */ = {
			isa = PBXGroup;
			children = (
				C977BFDC209280E800685AF1 /* RepoListViewModel.swift */,
				C93907FD2093E1F4004D5B04 /* RepoIssueViewModel.swift */,
				C977BFDE2092827A00685AF1 /* RepoListCellViewModel.swift */,
				C93907F72093BE2F004D5B04 /* RepoDetailsViewModel.swift */,
				C93907FB2093DF58004D5B04 /* RepoContributorViewModel.swift */,
			);
			path = ViewModels;
			sourceTree = "<group>";
		};
		C9AE3BFF2091117A00498955 = {
			isa = PBXGroup;
			children = (
				C9AE3C0A2091117A00498955 /* GithubRepo */,
				C9AE3C092091117A00498955 /* Products */,
				B7FBBDD6259916B4EBC5E171 /* Pods */,
				BE96E60E24E7FA28D7CC2909 /* Frameworks */,
			);
			sourceTree = "<group>";
		};
		C9AE3C092091117A00498955 /* Products */ = {
			isa = PBXGroup;
			children = (
				C9AE3C082091117A00498955 /* GithubRepo.app */,
			);
			name = Products;
			sourceTree = "<group>";
		};
		C9AE3C0A2091117A00498955 /* GithubRepo */ = {
			isa = PBXGroup;
			children = (
				C977BFDB209280A000685AF1 /* ViewModels */,
				C977BFD320926F6100685AF1 /* ViewControllers */,
				C9AE3C282091273E00498955 /* Models */,
				C9AE3C1D2091244E00498955 /* Utilities */,
				C9AE3C0B2091117A00498955 /* AppDelegate.swift */,
				C9AE3C0F2091117A00498955 /* Main.storyboard */,
				C9AE3C122091117A00498955 /* Assets.xcassets */,
				C9AE3C142091117A00498955 /* LaunchScreen.storyboard */,
				C9AE3C172091117A00498955 /* Info.plist */,
			);
			path = GithubRepo;
			sourceTree = "<group>";
		};
		C9AE3C1D2091244E00498955 /* Utilities */ = {
			isa = PBXGroup;
			children = (
				C9AE3C232091253100498955 /* Configuration */,
				C9AE3C1E2091246000498955 /* APIManager */,
				C9AE3C21209124DA00498955 /* Constants.swift */,
			);
			path = Utilities;
			sourceTree = "<group>";
		};
		C9AE3C1E2091246000498955 /* APIManager */ = {
			isa = PBXGroup;
			children = (
				C9AE3C1F2091247100498955 /* APIManager.swift */,
			);
			path = APIManager;
			sourceTree = "<group>";
		};
		C9AE3C232091253100498955 /* Configuration */ = {
			isa = PBXGroup;
			children = (
				C9AE3C242091253100498955 /* Environment.swift */,
				C9AE3C252091253100498955 /* ConfigurationManager.swift */,
			);
			path = Configuration;
			sourceTree = "<group>";
		};
		C9AE3C282091273E00498955 /* Models */ = {
			isa = PBXGroup;
			children = (
				C9AE3C292091277D00498955 /* RepositoryModel.swift */,
				C977BFCD20925A5B00685AF1 /* UserModel.swift */,
				C977BFCF20925C2B00685AF1 /* LicenseModel.swift */,
				C977BFD1209269EF00685AF1 /* RepositoryDataModel.swift */,
				C93907F92093D5C1004D5B04 /* RepoIssueModel.swift */,
			);
			path = Models;
			sourceTree = "<group>";
		};
/* End PBXGroup section */

/* Begin PBXNativeTarget section */
		C9AE3C072091117A00498955 /* GithubRepo */ = {
			isa = PBXNativeTarget;
			buildConfigurationList = C9AE3C1A2091117A00498955 /* Build configuration list for PBXNativeTarget "GithubRepo" */;
			buildPhases = (
				D95DF690B3E70B5E117B9F14 /* [CP] Check Pods Manifest.lock */,
				C9AE3C042091117A00498955 /* Sources */,
				C9AE3C052091117A00498955 /* Frameworks */,
				C9AE3C062091117A00498955 /* Resources */,
				96100E5E1A4520ADAD0A0DB5 /* [CP] Embed Pods Frameworks */,
				5DE4FD57A4A01C3FAB77119D /* [CP] Copy Pods Resources */,
			);
			buildRules = (
			);
			dependencies = (
			);
			name = GithubRepo;
			productName = GithubRepo;
			productReference = C9AE3C082091117A00498955 /* GithubRepo.app */;
			productType = "com.apple.product-type.application";
		};
/* End PBXNativeTarget section */

/* Begin PBXProject section */
		C9AE3C002091117A00498955 /* Project object */ = {
			isa = PBXProject;
			attributes = {
				LastSwiftUpdateCheck = 0920;
				LastUpgradeCheck = 0920;
				ORGANIZATIONNAME = "Vishal Bhadade";
				TargetAttributes = {
					C9AE3C072091117A00498955 = {
						CreatedOnToolsVersion = 9.2;
						ProvisioningStyle = Automatic;
					};
				};
			};
			buildConfigurationList = C9AE3C032091117A00498955 /* Build configuration list for PBXProject "GithubRepo" */;
			compatibilityVersion = "Xcode 8.0";
			developmentRegion = en;
			hasScannedForEncodings = 0;
			knownRegions = (
				en,
				Base,
			);
			mainGroup = C9AE3BFF2091117A00498955;
			productRefGroup = C9AE3C092091117A00498955 /* Products */;
			projectDirPath = "";
			projectRoot = "";
			targets = (
				C9AE3C072091117A00498955 /* GithubRepo */,
			);
		};
/* End PBXProject section */

/* Begin PBXResourcesBuildPhase section */
		C9AE3C062091117A00498955 /* Resources */ = {
			isa = PBXResourcesBuildPhase;
			buildActionMask = 2147483647;
			files = (
				C9AE3C162091117A00498955 /* LaunchScreen.storyboard in Resources */,
				C9AE3C132091117A00498955 /* Assets.xcassets in Resources */,
				C9AE3C112091117A00498955 /* Main.storyboard in Resources */,
			);
			runOnlyForDeploymentPostprocessing = 0;
		};
/* End PBXResourcesBuildPhase section */

/* Begin PBXShellScriptBuildPhase section */
		5DE4FD57A4A01C3FAB77119D /* [CP] Copy Pods Resources */ = {
			isa = PBXShellScriptBuildPhase;
			buildActionMask = 2147483647;
			files = (
			);
			inputPaths = (
			);
			name = "[CP] Copy Pods Resources";
			outputPaths = (
			);
			runOnlyForDeploymentPostprocessing = 0;
			shellPath = /bin/sh;
			shellScript = "\"${SRCROOT}/Pods/Target Support Files/Pods-GithubRepo/Pods-GithubRepo-resources.sh\"\n";
			showEnvVarsInLog = 0;
		};
		96100E5E1A4520ADAD0A0DB5 /* [CP] Embed Pods Frameworks */ = {
			isa = PBXShellScriptBuildPhase;
			buildActionMask = 2147483647;
			files = (
			);
			inputPaths = (
				"${SRCROOT}/Pods/Target Support Files/Pods-GithubRepo/Pods-GithubRepo-frameworks.sh",
				"${BUILT_PRODUCTS_DIR}/Kingfisher/Kingfisher.framework",
				"${BUILT_PRODUCTS_DIR}/MBProgressHUD/MBProgressHUD.framework",
				"${BUILT_PRODUCTS_DIR}/ObjectMapper/ObjectMapper.framework",
			);
			name = "[CP] Embed Pods Frameworks";
			outputPaths = (
				"${TARGET_BUILD_DIR}/${FRAMEWORKS_FOLDER_PATH}/Kingfisher.framework",
				"${TARGET_BUILD_DIR}/${FRAMEWORKS_FOLDER_PATH}/MBProgressHUD.framework",
				"${TARGET_BUILD_DIR}/${FRAMEWORKS_FOLDER_PATH}/ObjectMapper.framework",
			);
			runOnlyForDeploymentPostprocessing = 0;
			shellPath = /bin/sh;
			shellScript = "\"${SRCROOT}/Pods/Target Support Files/Pods-GithubRepo/Pods-GithubRepo-frameworks.sh\"\n";
			showEnvVarsInLog = 0;
		};
		D95DF690B3E70B5E117B9F14 /* [CP] Check Pods Manifest.lock */ = {
			isa = PBXShellScriptBuildPhase;
			buildActionMask = 2147483647;
			files = (
			);
			inputPaths = (
				"${PODS_PODFILE_DIR_PATH}/Podfile.lock",
				"${PODS_ROOT}/Manifest.lock",
			);
			name = "[CP] Check Pods Manifest.lock";
			outputPaths = (
				"$(DERIVED_FILE_DIR)/Pods-GithubRepo-checkManifestLockResult.txt",
			);
			runOnlyForDeploymentPostprocessing = 0;
			shellPath = /bin/sh;
			shellScript = "diff \"${PODS_PODFILE_DIR_PATH}/Podfile.lock\" \"${PODS_ROOT}/Manifest.lock\" > /dev/null\nif [ $? != 0 ] ; then\n    # print error to STDERR\n    echo \"error: The sandbox is not in sync with the Podfile.lock. Run 'pod install' or update your CocoaPods installation.\" >&2\n    exit 1\nfi\n# This output is used by Xcode 'outputs' to avoid re-running this script phase.\necho \"SUCCESS\" > \"${SCRIPT_OUTPUT_FILE_0}\"\n";
			showEnvVarsInLog = 0;
		};
/* End PBXShellScriptBuildPhase section */

/* Begin PBXSourcesBuildPhase section */
		C9AE3C042091117A00498955 /* Sources */ = {
			isa = PBXSourcesBuildPhase;
			buildActionMask = 2147483647;
			files = (
				C977BFD520926F9E00685AF1 /* ViewController.swift in Sources */,
				C9AE3C202091247100498955 /* APIManager.swift in Sources */,
				C977BFD2209269EF00685AF1 /* RepositoryDataModel.swift in Sources */,
				C93907FA2093D5C1004D5B04 /* RepoIssueModel.swift in Sources */,
				C977BFDD209280E800685AF1 /* RepoListViewModel.swift in Sources */,
				C93907F22093B65A004D5B04 /* GitHubRepoDetailsViewCell.swift in Sources */,
				C977BFD020925C2B00685AF1 /* LicenseModel.swift in Sources */,
				C977BFCE20925A5B00685AF1 /* UserModel.swift in Sources */,
				C93907EF2093B5A5004D5B04 /* GitHubRepoDetailsViewController.swift in Sources */,
				C977BFDA209271E100685AF1 /* GitHubRepoCollectionViewCell.swift in Sources */,
				C93907FE2093E1F4004D5B04 /* RepoIssueViewModel.swift in Sources */,
				C9AE3C272091253100498955 /* ConfigurationManager.swift in Sources */,
				C93907FC2093DF58004D5B04 /* RepoContributorViewModel.swift in Sources */,
				C977BFDF2092827A00685AF1 /* RepoListCellViewModel.swift in Sources */,
				C9AE3C0C2091117A00498955 /* AppDelegate.swift in Sources */,
				C9AE3C22209124DA00498955 /* Constants.swift in Sources */,
				C9AE3C2A2091277D00498955 /* RepositoryModel.swift in Sources */,
				C93907F62093B7C5004D5B04 /* RepoContributorViewCell.swift in Sources */,
				C93907F82093BE2F004D5B04 /* RepoDetailsViewModel.swift in Sources */,
				C93907F42093B763004D5B04 /* RepoIssueViewCell.swift in Sources */,
				C9AE3C262091253100498955 /* Environment.swift in Sources */,
				C977BFD72092702000685AF1 /* GitHubRepoListViewController.swift in Sources */,
			);
			runOnlyForDeploymentPostprocessing = 0;
		};
/* End PBXSourcesBuildPhase section */

/* Begin PBXVariantGroup section */
		C9AE3C0F2091117A00498955 /* Main.storyboard */ = {
			isa = PBXVariantGroup;
			children = (
				C9AE3C102091117A00498955 /* Base */,
			);
			name = Main.storyboard;
			sourceTree = "<group>";
		};
		C9AE3C142091117A00498955 /* LaunchScreen.storyboard */ = {
			isa = PBXVariantGroup;
			children = (
				C9AE3C152091117A00498955 /* Base */,
			);
			name = LaunchScreen.storyboard;
			sourceTree = "<group>";
		};
/* End PBXVariantGroup section */

/* Begin XCBuildConfiguration section */
		C9AE3C182091117A00498955 /* Debug */ = {
			isa = XCBuildConfiguration;
			buildSettings = {
				ALWAYS_SEARCH_USER_PATHS = NO;
				CLANG_ANALYZER_NONNULL = YES;
				CLANG_ANALYZER_NUMBER_OBJECT_CONVERSION = YES_AGGRESSIVE;
				CLANG_CXX_LANGUAGE_STANDARD = "gnu++14";
				CLANG_CXX_LIBRARY = "libc++";
				CLANG_ENABLE_MODULES = YES;
				CLANG_ENABLE_OBJC_ARC = YES;
				CLANG_WARN_BLOCK_CAPTURE_AUTORELEASING = YES;
				CLANG_WARN_BOOL_CONVERSION = YES;
				CLANG_WARN_COMMA = YES;
				CLANG_WARN_CONSTANT_CONVERSION = YES;
				CLANG_WARN_DIRECT_OBJC_ISA_USAGE = YES_ERROR;
				CLANG_WARN_DOCUMENTATION_COMMENTS = YES;
				CLANG_WARN_EMPTY_BODY = YES;
				CLANG_WARN_ENUM_CONVERSION = YES;
				CLANG_WARN_INFINITE_RECURSION = YES;
				CLANG_WARN_INT_CONVERSION = YES;
				CLANG_WARN_NON_LITERAL_NULL_CONVERSION = YES;
				CLANG_WARN_OBJC_LITERAL_CONVERSION = YES;
				CLANG_WARN_OBJC_ROOT_CLASS = YES_ERROR;
				CLANG_WARN_RANGE_LOOP_ANALYSIS = YES;
				CLANG_WARN_STRICT_PROTOTYPES = YES;
				CLANG_WARN_SUSPICIOUS_MOVE = YES;
				CLANG_WARN_UNGUARDED_AVAILABILITY = YES_AGGRESSIVE;
				CLANG_WARN_UNREACHABLE_CODE = YES;
				CLANG_WARN__DUPLICATE_METHOD_MATCH = YES;
				CODE_SIGN_IDENTITY = "iPhone Developer";
				COPY_PHASE_STRIP = NO;
				DEBUG_INFORMATION_FORMAT = dwarf;
				ENABLE_STRICT_OBJC_MSGSEND = YES;
				ENABLE_TESTABILITY = YES;
				GCC_C_LANGUAGE_STANDARD = gnu11;
				GCC_DYNAMIC_NO_PIC = NO;
				GCC_NO_COMMON_BLOCKS = YES;
				GCC_OPTIMIZATION_LEVEL = 0;
				GCC_PREPROCESSOR_DEFINITIONS = (
					"DEBUG=1",
					"$(inherited)",
				);
				GCC_WARN_64_TO_32_BIT_CONVERSION = YES;
				GCC_WARN_ABOUT_RETURN_TYPE = YES_ERROR;
				GCC_WARN_UNDECLARED_SELECTOR = YES;
				GCC_WARN_UNINITIALIZED_AUTOS = YES_AGGRESSIVE;
				GCC_WARN_UNUSED_FUNCTION = YES;
				GCC_WARN_UNUSED_VARIABLE = YES;
				IPHONEOS_DEPLOYMENT_TARGET = 11.2;
				MTL_ENABLE_DEBUG_INFO = YES;
				ONLY_ACTIVE_ARCH = YES;
				SDKROOT = iphoneos;
				SWIFT_ACTIVE_COMPILATION_CONDITIONS = DEBUG;
				SWIFT_OPTIMIZATION_LEVEL = "-Onone";
			};
			name = Debug;
		};
		C9AE3C192091117A00498955 /* Release */ = {
			isa = XCBuildConfiguration;
			buildSettings = {
				ALWAYS_SEARCH_USER_PATHS = NO;
				CLANG_ANALYZER_NONNULL = YES;
				CLANG_ANALYZER_NUMBER_OBJECT_CONVERSION = YES_AGGRESSIVE;
				CLANG_CXX_LANGUAGE_STANDARD = "gnu++14";
				CLANG_CXX_LIBRARY = "libc++";
				CLANG_ENABLE_MODULES = YES;
				CLANG_ENABLE_OBJC_ARC = YES;
				CLANG_WARN_BLOCK_CAPTURE_AUTORELEASING = YES;
				CLANG_WARN_BOOL_CONVERSION = YES;
				CLANG_WARN_COMMA = YES;
				CLANG_WARN_CONSTANT_CONVERSION = YES;
				CLANG_WARN_DIRECT_OBJC_ISA_USAGE = YES_ERROR;
				CLANG_WARN_DOCUMENTATION_COMMENTS = YES;
				CLANG_WARN_EMPTY_BODY = YES;
				CLANG_WARN_ENUM_CONVERSION = YES;
				CLANG_WARN_INFINITE_RECURSION = YES;
				CLANG_WARN_INT_CONVERSION = YES;
				CLANG_WARN_NON_LITERAL_NULL_CONVERSION = YES;
				CLANG_WARN_OBJC_LITERAL_CONVERSION = YES;
				CLANG_WARN_OBJC_ROOT_CLASS = YES_ERROR;
				CLANG_WARN_RANGE_LOOP_ANALYSIS = YES;
				CLANG_WARN_STRICT_PROTOTYPES = YES;
				CLANG_WARN_SUSPICIOUS_MOVE = YES;
				CLANG_WARN_UNGUARDED_AVAILABILITY = YES_AGGRESSIVE;
				CLANG_WARN_UNREACHABLE_CODE = YES;
				CLANG_WARN__DUPLICATE_METHOD_MATCH = YES;
				CODE_SIGN_IDENTITY = "iPhone Developer";
				COPY_PHASE_STRIP = NO;
				DEBUG_INFORMATION_FORMAT = "dwarf-with-dsym";
				ENABLE_NS_ASSERTIONS = NO;
				ENABLE_STRICT_OBJC_MSGSEND = YES;
				GCC_C_LANGUAGE_STANDARD = gnu11;
				GCC_NO_COMMON_BLOCKS = YES;
				GCC_WARN_64_TO_32_BIT_CONVERSION = YES;
				GCC_WARN_ABOUT_RETURN_TYPE = YES_ERROR;
				GCC_WARN_UNDECLARED_SELECTOR = YES;
				GCC_WARN_UNINITIALIZED_AUTOS = YES_AGGRESSIVE;
				GCC_WARN_UNUSED_FUNCTION = YES;
				GCC_WARN_UNUSED_VARIABLE = YES;
				IPHONEOS_DEPLOYMENT_TARGET = 11.2;
				MTL_ENABLE_DEBUG_INFO = NO;
				SDKROOT = iphoneos;
				SWIFT_OPTIMIZATION_LEVEL = "-Owholemodule";
				VALIDATE_PRODUCT = YES;
			};
			name = Release;
		};
		C9AE3C1B2091117A00498955 /* Debug */ = {
			isa = XCBuildConfiguration;
			baseConfigurationReference = FBF12667FC8C3A40801783CC /* Pods-GithubRepo.debug.xcconfig */;
			buildSettings = {
				ASSETCATALOG_COMPILER_APPICON_NAME = AppIcon;
				CODE_SIGN_STYLE = Automatic;
				DEVELOPMENT_TEAM = QP2D2ZVN38;
				INFOPLIST_FILE = GithubRepo/Info.plist;
				LD_RUNPATH_SEARCH_PATHS = "$(inherited) @executable_path/Frameworks";
				PRODUCT_BUNDLE_IDENTIFIER = VB.GithubRepo;
				PRODUCT_NAME = "$(TARGET_NAME)";
				SWIFT_VERSION = 4.0;
				TARGETED_DEVICE_FAMILY = "1,2";
			};
			name = Debug;
		};
		C9AE3C1C2091117A00498955 /* Release */ = {
			isa = XCBuildConfiguration;
			baseConfigurationReference = 1095D6D9C8A2E325F5F68908 /* Pods-GithubRepo.release.xcconfig */;
			buildSettings = {
				ASSETCATALOG_COMPILER_APPICON_NAME = AppIcon;
				CODE_SIGN_STYLE = Automatic;
				DEVELOPMENT_TEAM = QP2D2ZVN38;
				INFOPLIST_FILE = GithubRepo/Info.plist;
				LD_RUNPATH_SEARCH_PATHS = "$(inherited) @executable_path/Frameworks";
				PRODUCT_BUNDLE_IDENTIFIER = VB.GithubRepo;
				PRODUCT_NAME = "$(TARGET_NAME)";
				SWIFT_VERSION = 4.0;
				TARGETED_DEVICE_FAMILY = "1,2";
			};
			name = Release;
		};
/* End XCBuildConfiguration section */

/* Begin XCConfigurationList section */
		C9AE3C032091117A00498955 /* Build configuration list for PBXProject "GithubRepo" */ = {
			isa = XCConfigurationList;
			buildConfigurations = (
				C9AE3C182091117A00498955 /* Debug */,
				C9AE3C192091117A00498955 /* Release */,
			);
			defaultConfigurationIsVisible = 0;
			defaultConfigurationName = Release;
		};
		C9AE3C1A2091117A00498955 /* Build configuration list for PBXNativeTarget "GithubRepo" */ = {
			isa = XCConfigurationList;
			buildConfigurations = (
				C9AE3C1B2091117A00498955 /* Debug */,
				C9AE3C1C2091117A00498955 /* Release */,
			);
			defaultConfigurationIsVisible = 0;
			defaultConfigurationName = Release;
		};
/* End XCConfigurationList section */
	};
	rootObject = C9AE3C002091117A00498955 /* Project object */;
}
